
Microsoft Visual Studio Solution File, Format Version 12.00
# Visual Studio 15
VisualStudioVersion = 15.0.26124.0
MinimumVisualStudioVersion = 15.0.26124.0
Project("{2150E333-8FDC-42A3-9474-1A3956D46DE8}") = "src", "src", "{B24CD305-51B1-4D1C-BA55-6D22D7FDAC28}"
EndProject
Project("{F2A71F9B-5D33-465A-A702-920D77279786}") = "HelloWorld01", "src\HelloWorld01\HelloWorld01.fsproj", "{67C44AFC-3FBB-40C9-AAE4-DCFA8A7199DB}"
EndProject
Project("{F2A71F9B-5D33-465A-A702-920D77279786}") = "HelloWorld01b", "src\HelloWorld01b\HelloWorld01b.fsproj", "{E950628B-F1AF-4EAF-9940-EAAC052936DE}"
EndProject
Project("{F2A71F9B-5D33-465A-A702-920D77279786}") = "HelloWorld03", "src\HelloWorld03\HelloWorld03.fsproj", "{2316B401-606E-4FEB-8385-CB3C2922F6A5}"
EndProject
Project("{F2A71F9B-5D33-465A-A702-920D77279786}") = "HelloWorld04", "src\HelloWorld04\HelloWorld04.fsproj", "{B3D0ADEC-05CA-4327-8F25-C4BB18A066BF}"
EndProject
Project("{F2A71F9B-5D33-465A-A702-920D77279786}") = "Counter05", "src\Counter05\Counter05.fsproj", "{C825C6EE-AE55-448E-B010-6BE100693B54}"
EndProject
Project("{F2A71F9B-5D33-465A-A702-920D77279786}") = "Counter07", "src\Counter07\Counter07.fsproj", "{75181FA3-6243-4920-A107-9F870254F08A}"
EndProject
Project("{F2A71F9B-5D33-465A-A702-920D77279786}") = "Counter08", "src\Counter08\Counter08.fsproj", "{7E30B2C1-5CD4-4297-8635-E81BBF345BB9}"
EndProject
Project("{F2A71F9B-5D33-465A-A702-920D77279786}") = "Counter09", "src\Counter09\Counter09.fsproj", "{CEE56C65-C83E-42DF-8C40-F30EFE9BF03A}"
EndProject
Project("{F2A71F9B-5D33-465A-A702-920D77279786}") = "Counter10", "src\Counter10\Counter10.fsproj", "{AE37FB9E-5DF7-447B-9527-540B5D967262}"
EndProject
Project("{F2A71F9B-5D33-465A-A702-920D77279786}") = "Counter11", "src\Counter11\Counter11.fsproj", "{99E6866A-A06C-4A65-8368-6A3EE1D8302E}"
EndProject
Project("{F2A71F9B-5D33-465A-A702-920D77279786}") = "Counter12", "src\Counter12\Counter12.fsproj", "{0487D95A-C249-4248-8ECF-0DA71866DE2D}"
EndProject
Project("{F2A71F9B-5D33-465A-A702-920D77279786}") = "docs", "docs\docs.fsproj", "{58316613-B48F-42D6-AAC5-5937F4EB255A}"
EndProject
Project("{F2A71F9B-5D33-465A-A702-920D77279786}") = "HelloWorld02", "src\HelloWorld02\HelloWorld02.fsproj", "{6F29EF8D-8638-4292-8134-464463E5C770}"
EndProject
Project("{F2A71F9B-5D33-465A-A702-920D77279786}") = "Counter06", "src\Counter06\Counter06.fsproj", "{2B14AB2E-0CF2-482E-850A-367490235614}"
EndProject
Project("{F2A71F9B-5D33-465A-A702-920D77279786}") = "InputBox13", "src\InputBox13\InputBox13.fsproj", "{CA2D675E-865B-4FB5-89EE-64D01CA2756A}"
EndProject
Project("{F2A71F9B-5D33-465A-A702-920D77279786}") = "Todos15", "src\Todos15\Todos15.fsproj", "{FC128C8C-0D5F-4025-9F48-2058DD58B064}"
EndProject
Project("{F2A71F9B-5D33-465A-A702-920D77279786}") = "Todos14", "src\Todos14\Todos14.fsproj", "{AC88EEC9-1FA9-4F3C-B3F0-FE14848F6B7D}"
EndProject
Project("{F2A71F9B-5D33-465A-A702-920D77279786}") = "Todos16", "src\Todos16\Todos16.fsproj", "{D50CDBA4-788C-4896-B42C-DFA3789BBBF5}"
EndProject
Global
	GlobalSection(SolutionConfigurationPlatforms) = preSolution
		Debug|Any CPU = Debug|Any CPU
		Debug|x64 = Debug|x64
		Debug|x86 = Debug|x86
		Release|Any CPU = Release|Any CPU
		Release|x64 = Release|x64
		Release|x86 = Release|x86
	EndGlobalSection
	GlobalSection(SolutionProperties) = preSolution
		HideSolutionNode = FALSE
	EndGlobalSection
	GlobalSection(ProjectConfigurationPlatforms) = postSolution
		{67C44AFC-3FBB-40C9-AAE4-DCFA8A7199DB}.Debug|Any CPU.ActiveCfg = Debug|Any CPU
		{67C44AFC-3FBB-40C9-AAE4-DCFA8A7199DB}.Debug|Any CPU.Build.0 = Debug|Any CPU
		{67C44AFC-3FBB-40C9-AAE4-DCFA8A7199DB}.Debug|x64.ActiveCfg = Debug|Any CPU
		{67C44AFC-3FBB-40C9-AAE4-DCFA8A7199DB}.Debug|x64.Build.0 = Debug|Any CPU
		{67C44AFC-3FBB-40C9-AAE4-DCFA8A7199DB}.Debug|x86.ActiveCfg = Debug|Any CPU
		{67C44AFC-3FBB-40C9-AAE4-DCFA8A7199DB}.Debug|x86.Build.0 = Debug|Any CPU
		{67C44AFC-3FBB-40C9-AAE4-DCFA8A7199DB}.Release|Any CPU.ActiveCfg = Release|Any CPU
		{67C44AFC-3FBB-40C9-AAE4-DCFA8A7199DB}.Release|Any CPU.Build.0 = Release|Any CPU
		{67C44AFC-3FBB-40C9-AAE4-DCFA8A7199DB}.Release|x64.ActiveCfg = Release|Any CPU
		{67C44AFC-3FBB-40C9-AAE4-DCFA8A7199DB}.Release|x64.Build.0 = Release|Any CPU
		{67C44AFC-3FBB-40C9-AAE4-DCFA8A7199DB}.Release|x86.ActiveCfg = Release|Any CPU
		{67C44AFC-3FBB-40C9-AAE4-DCFA8A7199DB}.Release|x86.Build.0 = Release|Any CPU
		{E950628B-F1AF-4EAF-9940-EAAC052936DE}.Debug|Any CPU.ActiveCfg = Debug|Any CPU
		{E950628B-F1AF-4EAF-9940-EAAC052936DE}.Debug|Any CPU.Build.0 = Debug|Any CPU
		{E950628B-F1AF-4EAF-9940-EAAC052936DE}.Debug|x64.ActiveCfg = Debug|Any CPU
		{E950628B-F1AF-4EAF-9940-EAAC052936DE}.Debug|x64.Build.0 = Debug|Any CPU
		{E950628B-F1AF-4EAF-9940-EAAC052936DE}.Debug|x86.ActiveCfg = Debug|Any CPU
		{E950628B-F1AF-4EAF-9940-EAAC052936DE}.Debug|x86.Build.0 = Debug|Any CPU
		{E950628B-F1AF-4EAF-9940-EAAC052936DE}.Release|Any CPU.ActiveCfg = Release|Any CPU
		{E950628B-F1AF-4EAF-9940-EAAC052936DE}.Release|Any CPU.Build.0 = Release|Any CPU
		{E950628B-F1AF-4EAF-9940-EAAC052936DE}.Release|x64.ActiveCfg = Release|Any CPU
		{E950628B-F1AF-4EAF-9940-EAAC052936DE}.Release|x64.Build.0 = Release|Any CPU
		{E950628B-F1AF-4EAF-9940-EAAC052936DE}.Release|x86.ActiveCfg = Release|Any CPU
		{E950628B-F1AF-4EAF-9940-EAAC052936DE}.Release|x86.Build.0 = Release|Any CPU
		{2316B401-606E-4FEB-8385-CB3C2922F6A5}.Debug|Any CPU.ActiveCfg = Debug|Any CPU
		{2316B401-606E-4FEB-8385-CB3C2922F6A5}.Debug|Any CPU.Build.0 = Debug|Any CPU
		{2316B401-606E-4FEB-8385-CB3C2922F6A5}.Debug|x64.ActiveCfg = Debug|Any CPU
		{2316B401-606E-4FEB-8385-CB3C2922F6A5}.Debug|x64.Build.0 = Debug|Any CPU
		{2316B401-606E-4FEB-8385-CB3C2922F6A5}.Debug|x86.ActiveCfg = Debug|Any CPU
		{2316B401-606E-4FEB-8385-CB3C2922F6A5}.Debug|x86.Build.0 = Debug|Any CPU
		{2316B401-606E-4FEB-8385-CB3C2922F6A5}.Release|Any CPU.ActiveCfg = Release|Any CPU
		{2316B401-606E-4FEB-8385-CB3C2922F6A5}.Release|Any CPU.Build.0 = Release|Any CPU
		{2316B401-606E-4FEB-8385-CB3C2922F6A5}.Release|x64.ActiveCfg = Release|Any CPU
		{2316B401-606E-4FEB-8385-CB3C2922F6A5}.Release|x64.Build.0 = Release|Any CPU
		{2316B401-606E-4FEB-8385-CB3C2922F6A5}.Release|x86.ActiveCfg = Release|Any CPU
		{2316B401-606E-4FEB-8385-CB3C2922F6A5}.Release|x86.Build.0 = Release|Any CPU
		{B3D0ADEC-05CA-4327-8F25-C4BB18A066BF}.Debug|Any CPU.ActiveCfg = Debug|Any CPU
		{B3D0ADEC-05CA-4327-8F25-C4BB18A066BF}.Debug|Any CPU.Build.0 = Debug|Any CPU
		{B3D0ADEC-05CA-4327-8F25-C4BB18A066BF}.Debug|x64.ActiveCfg = Debug|Any CPU
		{B3D0ADEC-05CA-4327-8F25-C4BB18A066BF}.Debug|x64.Build.0 = Debug|Any CPU
		{B3D0ADEC-05CA-4327-8F25-C4BB18A066BF}.Debug|x86.ActiveCfg = Debug|Any CPU
		{B3D0ADEC-05CA-4327-8F25-C4BB18A066BF}.Debug|x86.Build.0 = Debug|Any CPU
		{B3D0ADEC-05CA-4327-8F25-C4BB18A066BF}.Release|Any CPU.ActiveCfg = Release|Any CPU
		{B3D0ADEC-05CA-4327-8F25-C4BB18A066BF}.Release|Any CPU.Build.0 = Release|Any CPU
		{B3D0ADEC-05CA-4327-8F25-C4BB18A066BF}.Release|x64.ActiveCfg = Release|Any CPU
		{B3D0ADEC-05CA-4327-8F25-C4BB18A066BF}.Release|x64.Build.0 = Release|Any CPU
		{B3D0ADEC-05CA-4327-8F25-C4BB18A066BF}.Release|x86.ActiveCfg = Release|Any CPU
		{B3D0ADEC-05CA-4327-8F25-C4BB18A066BF}.Release|x86.Build.0 = Release|Any CPU
		{C825C6EE-AE55-448E-B010-6BE100693B54}.Debug|Any CPU.ActiveCfg = Debug|Any CPU
		{C825C6EE-AE55-448E-B010-6BE100693B54}.Debug|Any CPU.Build.0 = Debug|Any CPU
		{C825C6EE-AE55-448E-B010-6BE100693B54}.Debug|x64.ActiveCfg = Debug|Any CPU
		{C825C6EE-AE55-448E-B010-6BE100693B54}.Debug|x64.Build.0 = Debug|Any CPU
		{C825C6EE-AE55-448E-B010-6BE100693B54}.Debug|x86.ActiveCfg = Debug|Any CPU
		{C825C6EE-AE55-448E-B010-6BE100693B54}.Debug|x86.Build.0 = Debug|Any CPU
		{C825C6EE-AE55-448E-B010-6BE100693B54}.Release|Any CPU.ActiveCfg = Release|Any CPU
		{C825C6EE-AE55-448E-B010-6BE100693B54}.Release|Any CPU.Build.0 = Release|Any CPU
		{C825C6EE-AE55-448E-B010-6BE100693B54}.Release|x64.ActiveCfg = Release|Any CPU
		{C825C6EE-AE55-448E-B010-6BE100693B54}.Release|x64.Build.0 = Release|Any CPU
		{C825C6EE-AE55-448E-B010-6BE100693B54}.Release|x86.ActiveCfg = Release|Any CPU
		{C825C6EE-AE55-448E-B010-6BE100693B54}.Release|x86.Build.0 = Release|Any CPU
		{75181FA3-6243-4920-A107-9F870254F08A}.Debug|Any CPU.ActiveCfg = Debug|Any CPU
		{75181FA3-6243-4920-A107-9F870254F08A}.Debug|Any CPU.Build.0 = Debug|Any CPU
		{75181FA3-6243-4920-A107-9F870254F08A}.Debug|x64.ActiveCfg = Debug|Any CPU
		{75181FA3-6243-4920-A107-9F870254F08A}.Debug|x64.Build.0 = Debug|Any CPU
		{75181FA3-6243-4920-A107-9F870254F08A}.Debug|x86.ActiveCfg = Debug|Any CPU
		{75181FA3-6243-4920-A107-9F870254F08A}.Debug|x86.Build.0 = Debug|Any CPU
		{75181FA3-6243-4920-A107-9F870254F08A}.Release|Any CPU.ActiveCfg = Release|Any CPU
		{75181FA3-6243-4920-A107-9F870254F08A}.Release|Any CPU.Build.0 = Release|Any CPU
		{75181FA3-6243-4920-A107-9F870254F08A}.Release|x64.ActiveCfg = Release|Any CPU
		{75181FA3-6243-4920-A107-9F870254F08A}.Release|x64.Build.0 = Release|Any CPU
		{75181FA3-6243-4920-A107-9F870254F08A}.Release|x86.ActiveCfg = Release|Any CPU
		{75181FA3-6243-4920-A107-9F870254F08A}.Release|x86.Build.0 = Release|Any CPU
		{7E30B2C1-5CD4-4297-8635-E81BBF345BB9}.Debug|Any CPU.ActiveCfg = Debug|Any CPU
		{7E30B2C1-5CD4-4297-8635-E81BBF345BB9}.Debug|Any CPU.Build.0 = Debug|Any CPU
		{7E30B2C1-5CD4-4297-8635-E81BBF345BB9}.Debug|x64.ActiveCfg = Debug|Any CPU
		{7E30B2C1-5CD4-4297-8635-E81BBF345BB9}.Debug|x64.Build.0 = Debug|Any CPU
		{7E30B2C1-5CD4-4297-8635-E81BBF345BB9}.Debug|x86.ActiveCfg = Debug|Any CPU
		{7E30B2C1-5CD4-4297-8635-E81BBF345BB9}.Debug|x86.Build.0 = Debug|Any CPU
		{7E30B2C1-5CD4-4297-8635-E81BBF345BB9}.Release|Any CPU.ActiveCfg = Release|Any CPU
		{7E30B2C1-5CD4-4297-8635-E81BBF345BB9}.Release|Any CPU.Build.0 = Release|Any CPU
		{7E30B2C1-5CD4-4297-8635-E81BBF345BB9}.Release|x64.ActiveCfg = Release|Any CPU
		{7E30B2C1-5CD4-4297-8635-E81BBF345BB9}.Release|x64.Build.0 = Release|Any CPU
		{7E30B2C1-5CD4-4297-8635-E81BBF345BB9}.Release|x86.ActiveCfg = Release|Any CPU
		{7E30B2C1-5CD4-4297-8635-E81BBF345BB9}.Release|x86.Build.0 = Release|Any CPU
		{CEE56C65-C83E-42DF-8C40-F30EFE9BF03A}.Debug|Any CPU.ActiveCfg = Debug|Any CPU
		{CEE56C65-C83E-42DF-8C40-F30EFE9BF03A}.Debug|Any CPU.Build.0 = Debug|Any CPU
		{CEE56C65-C83E-42DF-8C40-F30EFE9BF03A}.Debug|x64.ActiveCfg = Debug|Any CPU
		{CEE56C65-C83E-42DF-8C40-F30EFE9BF03A}.Debug|x64.Build.0 = Debug|Any CPU
		{CEE56C65-C83E-42DF-8C40-F30EFE9BF03A}.Debug|x86.ActiveCfg = Debug|Any CPU
		{CEE56C65-C83E-42DF-8C40-F30EFE9BF03A}.Debug|x86.Build.0 = Debug|Any CPU
		{CEE56C65-C83E-42DF-8C40-F30EFE9BF03A}.Release|Any CPU.ActiveCfg = Release|Any CPU
		{CEE56C65-C83E-42DF-8C40-F30EFE9BF03A}.Release|Any CPU.Build.0 = Release|Any CPU
		{CEE56C65-C83E-42DF-8C40-F30EFE9BF03A}.Release|x64.ActiveCfg = Release|Any CPU
		{CEE56C65-C83E-42DF-8C40-F30EFE9BF03A}.Release|x64.Build.0 = Release|Any CPU
		{CEE56C65-C83E-42DF-8C40-F30EFE9BF03A}.Release|x86.ActiveCfg = Release|Any CPU
		{CEE56C65-C83E-42DF-8C40-F30EFE9BF03A}.Release|x86.Build.0 = Release|Any CPU
		{AE37FB9E-5DF7-447B-9527-540B5D967262}.Debug|Any CPU.ActiveCfg = Debug|Any CPU
		{AE37FB9E-5DF7-447B-9527-540B5D967262}.Debug|Any CPU.Build.0 = Debug|Any CPU
		{AE37FB9E-5DF7-447B-9527-540B5D967262}.Debug|x64.ActiveCfg = Debug|Any CPU
		{AE37FB9E-5DF7-447B-9527-540B5D967262}.Debug|x64.Build.0 = Debug|Any CPU
		{AE37FB9E-5DF7-447B-9527-540B5D967262}.Debug|x86.ActiveCfg = Debug|Any CPU
		{AE37FB9E-5DF7-447B-9527-540B5D967262}.Debug|x86.Build.0 = Debug|Any CPU
		{AE37FB9E-5DF7-447B-9527-540B5D967262}.Release|Any CPU.ActiveCfg = Release|Any CPU
		{AE37FB9E-5DF7-447B-9527-540B5D967262}.Release|Any CPU.Build.0 = Release|Any CPU
		{AE37FB9E-5DF7-447B-9527-540B5D967262}.Release|x64.ActiveCfg = Release|Any CPU
		{AE37FB9E-5DF7-447B-9527-540B5D967262}.Release|x64.Build.0 = Release|Any CPU
		{AE37FB9E-5DF7-447B-9527-540B5D967262}.Release|x86.ActiveCfg = Release|Any CPU
		{AE37FB9E-5DF7-447B-9527-540B5D967262}.Release|x86.Build.0 = Release|Any CPU
		{99E6866A-A06C-4A65-8368-6A3EE1D8302E}.Debug|Any CPU.ActiveCfg = Debug|Any CPU
		{99E6866A-A06C-4A65-8368-6A3EE1D8302E}.Debug|Any CPU.Build.0 = Debug|Any CPU
		{99E6866A-A06C-4A65-8368-6A3EE1D8302E}.Debug|x64.ActiveCfg = Debug|Any CPU
		{99E6866A-A06C-4A65-8368-6A3EE1D8302E}.Debug|x64.Build.0 = Debug|Any CPU
		{99E6866A-A06C-4A65-8368-6A3EE1D8302E}.Debug|x86.ActiveCfg = Debug|Any CPU
		{99E6866A-A06C-4A65-8368-6A3EE1D8302E}.Debug|x86.Build.0 = Debug|Any CPU
		{99E6866A-A06C-4A65-8368-6A3EE1D8302E}.Release|Any CPU.ActiveCfg = Release|Any CPU
		{99E6866A-A06C-4A65-8368-6A3EE1D8302E}.Release|Any CPU.Build.0 = Release|Any CPU
		{99E6866A-A06C-4A65-8368-6A3EE1D8302E}.Release|x64.ActiveCfg = Release|Any CPU
		{99E6866A-A06C-4A65-8368-6A3EE1D8302E}.Release|x64.Build.0 = Release|Any CPU
		{99E6866A-A06C-4A65-8368-6A3EE1D8302E}.Release|x86.ActiveCfg = Release|Any CPU
		{99E6866A-A06C-4A65-8368-6A3EE1D8302E}.Release|x86.Build.0 = Release|Any CPU
		{0487D95A-C249-4248-8ECF-0DA71866DE2D}.Debug|Any CPU.ActiveCfg = Debug|Any CPU
		{0487D95A-C249-4248-8ECF-0DA71866DE2D}.Debug|Any CPU.Build.0 = Debug|Any CPU
		{0487D95A-C249-4248-8ECF-0DA71866DE2D}.Debug|x64.ActiveCfg = Debug|Any CPU
		{0487D95A-C249-4248-8ECF-0DA71866DE2D}.Debug|x64.Build.0 = Debug|Any CPU
		{0487D95A-C249-4248-8ECF-0DA71866DE2D}.Debug|x86.ActiveCfg = Debug|Any CPU
		{0487D95A-C249-4248-8ECF-0DA71866DE2D}.Debug|x86.Build.0 = Debug|Any CPU
		{0487D95A-C249-4248-8ECF-0DA71866DE2D}.Release|Any CPU.ActiveCfg = Release|Any CPU
		{0487D95A-C249-4248-8ECF-0DA71866DE2D}.Release|Any CPU.Build.0 = Release|Any CPU
		{0487D95A-C249-4248-8ECF-0DA71866DE2D}.Release|x64.ActiveCfg = Release|Any CPU
		{0487D95A-C249-4248-8ECF-0DA71866DE2D}.Release|x64.Build.0 = Release|Any CPU
		{0487D95A-C249-4248-8ECF-0DA71866DE2D}.Release|x86.ActiveCfg = Release|Any CPU
		{0487D95A-C249-4248-8ECF-0DA71866DE2D}.Release|x86.Build.0 = Release|Any CPU
		{58316613-B48F-42D6-AAC5-5937F4EB255A}.Debug|Any CPU.ActiveCfg = Debug|Any CPU
		{58316613-B48F-42D6-AAC5-5937F4EB255A}.Debug|Any CPU.Build.0 = Debug|Any CPU
		{58316613-B48F-42D6-AAC5-5937F4EB255A}.Debug|x64.ActiveCfg = Debug|Any CPU
		{58316613-B48F-42D6-AAC5-5937F4EB255A}.Debug|x64.Build.0 = Debug|Any CPU
		{58316613-B48F-42D6-AAC5-5937F4EB255A}.Debug|x86.ActiveCfg = Debug|Any CPU
		{58316613-B48F-42D6-AAC5-5937F4EB255A}.Debug|x86.Build.0 = Debug|Any CPU
		{58316613-B48F-42D6-AAC5-5937F4EB255A}.Release|Any CPU.ActiveCfg = Release|Any CPU
		{58316613-B48F-42D6-AAC5-5937F4EB255A}.Release|Any CPU.Build.0 = Release|Any CPU
		{58316613-B48F-42D6-AAC5-5937F4EB255A}.Release|x64.ActiveCfg = Release|Any CPU
		{58316613-B48F-42D6-AAC5-5937F4EB255A}.Release|x64.Build.0 = Release|Any CPU
		{58316613-B48F-42D6-AAC5-5937F4EB255A}.Release|x86.ActiveCfg = Release|Any CPU
		{58316613-B48F-42D6-AAC5-5937F4EB255A}.Release|x86.Build.0 = Release|Any CPU
		{6F29EF8D-8638-4292-8134-464463E5C770}.Debug|Any CPU.ActiveCfg = Debug|Any CPU
		{6F29EF8D-8638-4292-8134-464463E5C770}.Debug|Any CPU.Build.0 = Debug|Any CPU
		{6F29EF8D-8638-4292-8134-464463E5C770}.Debug|x64.ActiveCfg = Debug|Any CPU
		{6F29EF8D-8638-4292-8134-464463E5C770}.Debug|x64.Build.0 = Debug|Any CPU
		{6F29EF8D-8638-4292-8134-464463E5C770}.Debug|x86.ActiveCfg = Debug|Any CPU
		{6F29EF8D-8638-4292-8134-464463E5C770}.Debug|x86.Build.0 = Debug|Any CPU
		{6F29EF8D-8638-4292-8134-464463E5C770}.Release|Any CPU.ActiveCfg = Release|Any CPU
		{6F29EF8D-8638-4292-8134-464463E5C770}.Release|Any CPU.Build.0 = Release|Any CPU
		{6F29EF8D-8638-4292-8134-464463E5C770}.Release|x64.ActiveCfg = Release|Any CPU
		{6F29EF8D-8638-4292-8134-464463E5C770}.Release|x64.Build.0 = Release|Any CPU
		{6F29EF8D-8638-4292-8134-464463E5C770}.Release|x86.ActiveCfg = Release|Any CPU
		{6F29EF8D-8638-4292-8134-464463E5C770}.Release|x86.Build.0 = Release|Any CPU
		{2B14AB2E-0CF2-482E-850A-367490235614}.Debug|Any CPU.ActiveCfg = Debug|Any CPU
		{2B14AB2E-0CF2-482E-850A-367490235614}.Debug|Any CPU.Build.0 = Debug|Any CPU
		{2B14AB2E-0CF2-482E-850A-367490235614}.Debug|x64.ActiveCfg = Debug|Any CPU
		{2B14AB2E-0CF2-482E-850A-367490235614}.Debug|x64.Build.0 = Debug|Any CPU
		{2B14AB2E-0CF2-482E-850A-367490235614}.Debug|x86.ActiveCfg = Debug|Any CPU
		{2B14AB2E-0CF2-482E-850A-367490235614}.Debug|x86.Build.0 = Debug|Any CPU
		{2B14AB2E-0CF2-482E-850A-367490235614}.Release|Any CPU.ActiveCfg = Release|Any CPU
		{2B14AB2E-0CF2-482E-850A-367490235614}.Release|Any CPU.Build.0 = Release|Any CPU
		{2B14AB2E-0CF2-482E-850A-367490235614}.Release|x64.ActiveCfg = Release|Any CPU
		{2B14AB2E-0CF2-482E-850A-367490235614}.Release|x64.Build.0 = Release|Any CPU
		{2B14AB2E-0CF2-482E-850A-367490235614}.Release|x86.ActiveCfg = Release|Any CPU
		{2B14AB2E-0CF2-482E-850A-367490235614}.Release|x86.Build.0 = Release|Any CPU
		{CA2D675E-865B-4FB5-89EE-64D01CA2756A}.Debug|Any CPU.ActiveCfg = Debug|Any CPU
		{CA2D675E-865B-4FB5-89EE-64D01CA2756A}.Debug|Any CPU.Build.0 = Debug|Any CPU
		{CA2D675E-865B-4FB5-89EE-64D01CA2756A}.Debug|x64.ActiveCfg = Debug|Any CPU
		{CA2D675E-865B-4FB5-89EE-64D01CA2756A}.Debug|x64.Build.0 = Debug|Any CPU
		{CA2D675E-865B-4FB5-89EE-64D01CA2756A}.Debug|x86.ActiveCfg = Debug|Any CPU
		{CA2D675E-865B-4FB5-89EE-64D01CA2756A}.Debug|x86.Build.0 = Debug|Any CPU
		{CA2D675E-865B-4FB5-89EE-64D01CA2756A}.Release|Any CPU.ActiveCfg = Release|Any CPU
		{CA2D675E-865B-4FB5-89EE-64D01CA2756A}.Release|Any CPU.Build.0 = Release|Any CPU
		{CA2D675E-865B-4FB5-89EE-64D01CA2756A}.Release|x64.ActiveCfg = Release|Any CPU
		{CA2D675E-865B-4FB5-89EE-64D01CA2756A}.Release|x64.Build.0 = Release|Any CPU
		{CA2D675E-865B-4FB5-89EE-64D01CA2756A}.Release|x86.ActiveCfg = Release|Any CPU
		{CA2D675E-865B-4FB5-89EE-64D01CA2756A}.Release|x86.Build.0 = Release|Any CPU
		{FC128C8C-0D5F-4025-9F48-2058DD58B064}.Debug|Any CPU.ActiveCfg = Debug|Any CPU
		{FC128C8C-0D5F-4025-9F48-2058DD58B064}.Debug|Any CPU.Build.0 = Debug|Any CPU
		{FC128C8C-0D5F-4025-9F48-2058DD58B064}.Debug|x64.ActiveCfg = Debug|Any CPU
		{FC128C8C-0D5F-4025-9F48-2058DD58B064}.Debug|x64.Build.0 = Debug|Any CPU
		{FC128C8C-0D5F-4025-9F48-2058DD58B064}.Debug|x86.ActiveCfg = Debug|Any CPU
		{FC128C8C-0D5F-4025-9F48-2058DD58B064}.Debug|x86.Build.0 = Debug|Any CPU
		{FC128C8C-0D5F-4025-9F48-2058DD58B064}.Release|Any CPU.ActiveCfg = Release|Any CPU
		{FC128C8C-0D5F-4025-9F48-2058DD58B064}.Release|Any CPU.Build.0 = Release|Any CPU
		{FC128C8C-0D5F-4025-9F48-2058DD58B064}.Release|x64.ActiveCfg = Release|Any CPU
		{FC128C8C-0D5F-4025-9F48-2058DD58B064}.Release|x64.Build.0 = Release|Any CPU
		{FC128C8C-0D5F-4025-9F48-2058DD58B064}.Release|x86.ActiveCfg = Release|Any CPU
		{FC128C8C-0D5F-4025-9F48-2058DD58B064}.Release|x86.Build.0 = Release|Any CPU
		{AC88EEC9-1FA9-4F3C-B3F0-FE14848F6B7D}.Debug|Any CPU.ActiveCfg = Debug|Any CPU
		{AC88EEC9-1FA9-4F3C-B3F0-FE14848F6B7D}.Debug|Any CPU.Build.0 = Debug|Any CPU
		{AC88EEC9-1FA9-4F3C-B3F0-FE14848F6B7D}.Debug|x64.ActiveCfg = Debug|Any CPU
		{AC88EEC9-1FA9-4F3C-B3F0-FE14848F6B7D}.Debug|x64.Build.0 = Debug|Any CPU
		{AC88EEC9-1FA9-4F3C-B3F0-FE14848F6B7D}.Debug|x86.ActiveCfg = Debug|Any CPU
		{AC88EEC9-1FA9-4F3C-B3F0-FE14848F6B7D}.Debug|x86.Build.0 = Debug|Any CPU
		{AC88EEC9-1FA9-4F3C-B3F0-FE14848F6B7D}.Release|Any CPU.ActiveCfg = Release|Any CPU
		{AC88EEC9-1FA9-4F3C-B3F0-FE14848F6B7D}.Release|Any CPU.Build.0 = Release|Any CPU
		{AC88EEC9-1FA9-4F3C-B3F0-FE14848F6B7D}.Release|x64.ActiveCfg = Release|Any CPU
		{AC88EEC9-1FA9-4F3C-B3F0-FE14848F6B7D}.Release|x64.Build.0 = Release|Any CPU
		{AC88EEC9-1FA9-4F3C-B3F0-FE14848F6B7D}.Release|x86.ActiveCfg = Release|Any CPU
		{AC88EEC9-1FA9-4F3C-B3F0-FE14848F6B7D}.Release|x86.Build.0 = Release|Any CPU
		{D50CDBA4-788C-4896-B42C-DFA3789BBBF5}.Debug|Any CPU.ActiveCfg = Debug|Any CPU
		{D50CDBA4-788C-4896-B42C-DFA3789BBBF5}.Debug|Any CPU.Build.0 = Debug|Any CPU
		{D50CDBA4-788C-4896-B42C-DFA3789BBBF5}.Debug|x64.ActiveCfg = Debug|Any CPU
		{D50CDBA4-788C-4896-B42C-DFA3789BBBF5}.Debug|x64.Build.0 = Debug|Any CPU
		{D50CDBA4-788C-4896-B42C-DFA3789BBBF5}.Debug|x86.ActiveCfg = Debug|Any CPU
		{D50CDBA4-788C-4896-B42C-DFA3789BBBF5}.Debug|x86.Build.0 = Debug|Any CPU
		{D50CDBA4-788C-4896-B42C-DFA3789BBBF5}.Release|Any CPU.ActiveCfg = Release|Any CPU
		{D50CDBA4-788C-4896-B42C-DFA3789BBBF5}.Release|Any CPU.Build.0 = Release|Any CPU
		{D50CDBA4-788C-4896-B42C-DFA3789BBBF5}.Release|x64.ActiveCfg = Release|Any CPU
		{D50CDBA4-788C-4896-B42C-DFA3789BBBF5}.Release|x64.Build.0 = Release|Any CPU
		{D50CDBA4-788C-4896-B42C-DFA3789BBBF5}.Release|x86.ActiveCfg = Release|Any CPU
		{D50CDBA4-788C-4896-B42C-DFA3789BBBF5}.Release|x86.Build.0 = Release|Any CPU
	EndGlobalSection
	GlobalSection(NestedProjects) = preSolution
		{67C44AFC-3FBB-40C9-AAE4-DCFA8A7199DB} = {B24CD305-51B1-4D1C-BA55-6D22D7FDAC28}
		{E950628B-F1AF-4EAF-9940-EAAC052936DE} = {B24CD305-51B1-4D1C-BA55-6D22D7FDAC28}
		{2316B401-606E-4FEB-8385-CB3C2922F6A5} = {B24CD305-51B1-4D1C-BA55-6D22D7FDAC28}
		{B3D0ADEC-05CA-4327-8F25-C4BB18A066BF} = {B24CD305-51B1-4D1C-BA55-6D22D7FDAC28}
		{C825C6EE-AE55-448E-B010-6BE100693B54} = {B24CD305-51B1-4D1C-BA55-6D22D7FDAC28}
		{75181FA3-6243-4920-A107-9F870254F08A} = {B24CD305-51B1-4D1C-BA55-6D22D7FDAC28}
		{7E30B2C1-5CD4-4297-8635-E81BBF345BB9} = {B24CD305-51B1-4D1C-BA55-6D22D7FDAC28}
		{CEE56C65-C83E-42DF-8C40-F30EFE9BF03A} = {B24CD305-51B1-4D1C-BA55-6D22D7FDAC28}
		{AE37FB9E-5DF7-447B-9527-540B5D967262} = {B24CD305-51B1-4D1C-BA55-6D22D7FDAC28}
		{99E6866A-A06C-4A65-8368-6A3EE1D8302E} = {B24CD305-51B1-4D1C-BA55-6D22D7FDAC28}
		{0487D95A-C249-4248-8ECF-0DA71866DE2D} = {B24CD305-51B1-4D1C-BA55-6D22D7FDAC28}
		{6F29EF8D-8638-4292-8134-464463E5C770} = {B24CD305-51B1-4D1C-BA55-6D22D7FDAC28}
		{2B14AB2E-0CF2-482E-850A-367490235614} = {B24CD305-51B1-4D1C-BA55-6D22D7FDAC28}
		{CA2D675E-865B-4FB5-89EE-64D01CA2756A} = {B24CD305-51B1-4D1C-BA55-6D22D7FDAC28}
		{FC128C8C-0D5F-4025-9F48-2058DD58B064} = {B24CD305-51B1-4D1C-BA55-6D22D7FDAC28}
		{AC88EEC9-1FA9-4F3C-B3F0-FE14848F6B7D} = {B24CD305-51B1-4D1C-BA55-6D22D7FDAC28}
		{D50CDBA4-788C-4896-B42C-DFA3789BBBF5} = {B24CD305-51B1-4D1C-BA55-6D22D7FDAC28}
	EndGlobalSection
EndGlobal
