
Microsoft Visual Studio Solution File, Format Version 12.00
# Visual Studio 15
VisualStudioVersion = 15.0.26124.0
MinimumVisualStudioVersion = 15.0.26124.0
Project("{2150E333-8FDC-42A3-9474-1A3956D46DE8}") = "src", "src", "{B24CD305-51B1-4D1C-BA55-6D22D7FDAC28}"
EndProject
Project("{F2A71F9B-5D33-465A-A702-920D77279786}") = "HelloWorld01", "src\HelloWorld01\HelloWorld01.fsproj", "{67C44AFC-3FBB-40C9-AAE4-DCFA8A7199DB}"
EndProject
Project("{F2A71F9B-5D33-465A-A702-920D77279786}") = "HelloWorld01b", "src\HelloWorld01b\HelloWorld01b.fsproj", "{E950628B-F1AF-4EAF-9940-EAAC052936DE}"
EndProject
Project("{F2A71F9B-5D33-465A-A702-920D77279786}") = "HelloWorld03", "src\HelloWorld03\HelloWorld03.fsproj", "{2316B401-606E-4FEB-8385-CB3C2922F6A5}"
EndProject
Project("{F2A71F9B-5D33-465A-A702-920D77279786}") = "HelloWorld04", "src\HelloWorld04\HelloWorld04.fsproj", "{B3D0ADEC-05CA-4327-8F25-C4BB18A066BF}"
EndProject
Project("{F2A71F9B-5D33-465A-A702-920D77279786}") = "Counter05", "src\Counter05\Counter05.fsproj", "{C825C6EE-AE55-448E-B010-6BE100693B54}"
EndProject
Project("{F2A71F9B-5D33-465A-A702-920D77279786}") = "Counter07", "src\Counter07\Counter07.fsproj", "{75181FA3-6243-4920-A107-9F870254F08A}"
EndProject
Global
	GlobalSection(SolutionConfigurationPlatforms) = preSolution
		Debug|Any CPU = Debug|Any CPU
		Debug|x64 = Debug|x64
		Debug|x86 = Debug|x86
		Release|Any CPU = Release|Any CPU
		Release|x64 = Release|x64
		Release|x86 = Release|x86
	EndGlobalSection
	GlobalSection(SolutionProperties) = preSolution
		HideSolutionNode = FALSE
	EndGlobalSection
	GlobalSection(ProjectConfigurationPlatforms) = postSolution
		{67C44AFC-3FBB-40C9-AAE4-DCFA8A7199DB}.Debug|Any CPU.ActiveCfg = Debug|Any CPU
		{67C44AFC-3FBB-40C9-AAE4-DCFA8A7199DB}.Debug|Any CPU.Build.0 = Debug|Any CPU
		{67C44AFC-3FBB-40C9-AAE4-DCFA8A7199DB}.Debug|x64.ActiveCfg = Debug|Any CPU
		{67C44AFC-3FBB-40C9-AAE4-DCFA8A7199DB}.Debug|x64.Build.0 = Debug|Any CPU
		{67C44AFC-3FBB-40C9-AAE4-DCFA8A7199DB}.Debug|x86.ActiveCfg = Debug|Any CPU
		{67C44AFC-3FBB-40C9-AAE4-DCFA8A7199DB}.Debug|x86.Build.0 = Debug|Any CPU
		{67C44AFC-3FBB-40C9-AAE4-DCFA8A7199DB}.Release|Any CPU.ActiveCfg = Release|Any CPU
		{67C44AFC-3FBB-40C9-AAE4-DCFA8A7199DB}.Release|Any CPU.Build.0 = Release|Any CPU
		{67C44AFC-3FBB-40C9-AAE4-DCFA8A7199DB}.Release|x64.ActiveCfg = Release|Any CPU
		{67C44AFC-3FBB-40C9-AAE4-DCFA8A7199DB}.Release|x64.Build.0 = Release|Any CPU
		{67C44AFC-3FBB-40C9-AAE4-DCFA8A7199DB}.Release|x86.ActiveCfg = Release|Any CPU
		{67C44AFC-3FBB-40C9-AAE4-DCFA8A7199DB}.Release|x86.Build.0 = Release|Any CPU
		{E950628B-F1AF-4EAF-9940-EAAC052936DE}.Debug|Any CPU.ActiveCfg = Debug|Any CPU
		{E950628B-F1AF-4EAF-9940-EAAC052936DE}.Debug|Any CPU.Build.0 = Debug|Any CPU
		{E950628B-F1AF-4EAF-9940-EAAC052936DE}.Debug|x64.ActiveCfg = Debug|Any CPU
		{E950628B-F1AF-4EAF-9940-EAAC052936DE}.Debug|x64.Build.0 = Debug|Any CPU
		{E950628B-F1AF-4EAF-9940-EAAC052936DE}.Debug|x86.ActiveCfg = Debug|Any CPU
		{E950628B-F1AF-4EAF-9940-EAAC052936DE}.Debug|x86.Build.0 = Debug|Any CPU
		{E950628B-F1AF-4EAF-9940-EAAC052936DE}.Release|Any CPU.ActiveCfg = Release|Any CPU
		{E950628B-F1AF-4EAF-9940-EAAC052936DE}.Release|Any CPU.Build.0 = Release|Any CPU
		{E950628B-F1AF-4EAF-9940-EAAC052936DE}.Release|x64.ActiveCfg = Release|Any CPU
		{E950628B-F1AF-4EAF-9940-EAAC052936DE}.Release|x64.Build.0 = Release|Any CPU
		{E950628B-F1AF-4EAF-9940-EAAC052936DE}.Release|x86.ActiveCfg = Release|Any CPU
		{E950628B-F1AF-4EAF-9940-EAAC052936DE}.Release|x86.Build.0 = Release|Any CPU
		{2316B401-606E-4FEB-8385-CB3C2922F6A5}.Debug|Any CPU.ActiveCfg = Debug|Any CPU
		{2316B401-606E-4FEB-8385-CB3C2922F6A5}.Debug|Any CPU.Build.0 = Debug|Any CPU
		{2316B401-606E-4FEB-8385-CB3C2922F6A5}.Debug|x64.ActiveCfg = Debug|Any CPU
		{2316B401-606E-4FEB-8385-CB3C2922F6A5}.Debug|x64.Build.0 = Debug|Any CPU
		{2316B401-606E-4FEB-8385-CB3C2922F6A5}.Debug|x86.ActiveCfg = Debug|Any CPU
		{2316B401-606E-4FEB-8385-CB3C2922F6A5}.Debug|x86.Build.0 = Debug|Any CPU
		{2316B401-606E-4FEB-8385-CB3C2922F6A5}.Release|Any CPU.ActiveCfg = Release|Any CPU
		{2316B401-606E-4FEB-8385-CB3C2922F6A5}.Release|Any CPU.Build.0 = Release|Any CPU
		{2316B401-606E-4FEB-8385-CB3C2922F6A5}.Release|x64.ActiveCfg = Release|Any CPU
		{2316B401-606E-4FEB-8385-CB3C2922F6A5}.Release|x64.Build.0 = Release|Any CPU
		{2316B401-606E-4FEB-8385-CB3C2922F6A5}.Release|x86.ActiveCfg = Release|Any CPU
		{2316B401-606E-4FEB-8385-CB3C2922F6A5}.Release|x86.Build.0 = Release|Any CPU
		{B3D0ADEC-05CA-4327-8F25-C4BB18A066BF}.Debug|Any CPU.ActiveCfg = Debug|Any CPU
		{B3D0ADEC-05CA-4327-8F25-C4BB18A066BF}.Debug|Any CPU.Build.0 = Debug|Any CPU
		{B3D0ADEC-05CA-4327-8F25-C4BB18A066BF}.Debug|x64.ActiveCfg = Debug|Any CPU
		{B3D0ADEC-05CA-4327-8F25-C4BB18A066BF}.Debug|x64.Build.0 = Debug|Any CPU
		{B3D0ADEC-05CA-4327-8F25-C4BB18A066BF}.Debug|x86.ActiveCfg = Debug|Any CPU
		{B3D0ADEC-05CA-4327-8F25-C4BB18A066BF}.Debug|x86.Build.0 = Debug|Any CPU
		{B3D0ADEC-05CA-4327-8F25-C4BB18A066BF}.Release|Any CPU.ActiveCfg = Release|Any CPU
		{B3D0ADEC-05CA-4327-8F25-C4BB18A066BF}.Release|Any CPU.Build.0 = Release|Any CPU
		{B3D0ADEC-05CA-4327-8F25-C4BB18A066BF}.Release|x64.ActiveCfg = Release|Any CPU
		{B3D0ADEC-05CA-4327-8F25-C4BB18A066BF}.Release|x64.Build.0 = Release|Any CPU
		{B3D0ADEC-05CA-4327-8F25-C4BB18A066BF}.Release|x86.ActiveCfg = Release|Any CPU
		{B3D0ADEC-05CA-4327-8F25-C4BB18A066BF}.Release|x86.Build.0 = Release|Any CPU
		{C825C6EE-AE55-448E-B010-6BE100693B54}.Debug|Any CPU.ActiveCfg = Debug|Any CPU
		{C825C6EE-AE55-448E-B010-6BE100693B54}.Debug|Any CPU.Build.0 = Debug|Any CPU
		{C825C6EE-AE55-448E-B010-6BE100693B54}.Debug|x64.ActiveCfg = Debug|Any CPU
		{C825C6EE-AE55-448E-B010-6BE100693B54}.Debug|x64.Build.0 = Debug|Any CPU
		{C825C6EE-AE55-448E-B010-6BE100693B54}.Debug|x86.ActiveCfg = Debug|Any CPU
		{C825C6EE-AE55-448E-B010-6BE100693B54}.Debug|x86.Build.0 = Debug|Any CPU
		{C825C6EE-AE55-448E-B010-6BE100693B54}.Release|Any CPU.ActiveCfg = Release|Any CPU
		{C825C6EE-AE55-448E-B010-6BE100693B54}.Release|Any CPU.Build.0 = Release|Any CPU
		{C825C6EE-AE55-448E-B010-6BE100693B54}.Release|x64.ActiveCfg = Release|Any CPU
		{C825C6EE-AE55-448E-B010-6BE100693B54}.Release|x64.Build.0 = Release|Any CPU
		{C825C6EE-AE55-448E-B010-6BE100693B54}.Release|x86.ActiveCfg = Release|Any CPU
		{C825C6EE-AE55-448E-B010-6BE100693B54}.Release|x86.Build.0 = Release|Any CPU
		{75181FA3-6243-4920-A107-9F870254F08A}.Debug|Any CPU.ActiveCfg = Debug|Any CPU
		{75181FA3-6243-4920-A107-9F870254F08A}.Debug|Any CPU.Build.0 = Debug|Any CPU
		{75181FA3-6243-4920-A107-9F870254F08A}.Debug|x64.ActiveCfg = Debug|Any CPU
		{75181FA3-6243-4920-A107-9F870254F08A}.Debug|x64.Build.0 = Debug|Any CPU
		{75181FA3-6243-4920-A107-9F870254F08A}.Debug|x86.ActiveCfg = Debug|Any CPU
		{75181FA3-6243-4920-A107-9F870254F08A}.Debug|x86.Build.0 = Debug|Any CPU
		{75181FA3-6243-4920-A107-9F870254F08A}.Release|Any CPU.ActiveCfg = Release|Any CPU
		{75181FA3-6243-4920-A107-9F870254F08A}.Release|Any CPU.Build.0 = Release|Any CPU
		{75181FA3-6243-4920-A107-9F870254F08A}.Release|x64.ActiveCfg = Release|Any CPU
		{75181FA3-6243-4920-A107-9F870254F08A}.Release|x64.Build.0 = Release|Any CPU
		{75181FA3-6243-4920-A107-9F870254F08A}.Release|x86.ActiveCfg = Release|Any CPU
		{75181FA3-6243-4920-A107-9F870254F08A}.Release|x86.Build.0 = Release|Any CPU
	EndGlobalSection
	GlobalSection(NestedProjects) = preSolution
		{67C44AFC-3FBB-40C9-AAE4-DCFA8A7199DB} = {B24CD305-51B1-4D1C-BA55-6D22D7FDAC28}
		{E950628B-F1AF-4EAF-9940-EAAC052936DE} = {B24CD305-51B1-4D1C-BA55-6D22D7FDAC28}
		{2316B401-606E-4FEB-8385-CB3C2922F6A5} = {B24CD305-51B1-4D1C-BA55-6D22D7FDAC28}
		{B3D0ADEC-05CA-4327-8F25-C4BB18A066BF} = {B24CD305-51B1-4D1C-BA55-6D22D7FDAC28}
		{C825C6EE-AE55-448E-B010-6BE100693B54} = {B24CD305-51B1-4D1C-BA55-6D22D7FDAC28}
		{75181FA3-6243-4920-A107-9F870254F08A} = {B24CD305-51B1-4D1C-BA55-6D22D7FDAC28}
	EndGlobalSection
EndGlobal
